
Microsoft Visual Studio Solution File, Format Version 12.00
# Visual Studio Version 17
VisualStudioVersion = 17.0.31903.59
MinimumVisualStudioVersion = 10.0.40219.1
Project("{2150E333-8FDC-42A3-9474-1A3956D46DE8}") = "UI", "UI", "{EF51558F-CA82-47C9-8939-BF5B5BC11F67}"
EndProject
Project("{FAE04EC0-301F-11D3-BF4B-00C04F79EFBC}") = "GeoCubed.TTPrototype.UI.BlazorWASM", "GeoCubed.TTPrototype.UI.BlazorWASM\GeoCubed.TTPrototype.UI.BlazorWASM.csproj", "{29B150DF-1249-4C8A-A6DB-8B6E969D03ED}"
EndProject
Project("{FAE04EC0-301F-11D3-BF4B-00C04F79EFBC}") = "GeoCubed.TTPrototype.UI.Components", "GeoCubed.TTPrototype.UI.Components\GeoCubed.TTPrototype.UI.Components.csproj", "{3403A0B2-57FC-43C9-B85D-F5A80A331942}"
EndProject
Project("{2150E333-8FDC-42A3-9474-1A3956D46DE8}") = "Domain", "Domain", "{33F70702-1D41-47D8-A793-808A5799C44E}"
EndProject
Project("{FAE04EC0-301F-11D3-BF4B-00C04F79EFBC}") = "GeoCubed.TTPrototype.Domain.Models", "GeoCubed.TTPrototype.Domain.Models\GeoCubed.TTPrototype.Domain.Models.csproj", "{47C14BD8-D941-455E-A2E9-90AD938AC4D2}"
EndProject
Global
	GlobalSection(SolutionConfigurationPlatforms) = preSolution
		Debug|Any CPU = Debug|Any CPU
		Release|Any CPU = Release|Any CPU
	EndGlobalSection
	GlobalSection(ProjectConfigurationPlatforms) = postSolution
		{29B150DF-1249-4C8A-A6DB-8B6E969D03ED}.Debug|Any CPU.ActiveCfg = Debug|Any CPU
		{29B150DF-1249-4C8A-A6DB-8B6E969D03ED}.Debug|Any CPU.Build.0 = Debug|Any CPU
		{29B150DF-1249-4C8A-A6DB-8B6E969D03ED}.Release|Any CPU.ActiveCfg = Release|Any CPU
		{29B150DF-1249-4C8A-A6DB-8B6E969D03ED}.Release|Any CPU.Build.0 = Release|Any CPU
		{3403A0B2-57FC-43C9-B85D-F5A80A331942}.Debug|Any CPU.ActiveCfg = Debug|Any CPU
		{3403A0B2-57FC-43C9-B85D-F5A80A331942}.Debug|Any CPU.Build.0 = Debug|Any CPU
		{3403A0B2-57FC-43C9-B85D-F5A80A331942}.Release|Any CPU.ActiveCfg = Release|Any CPU
		{3403A0B2-57FC-43C9-B85D-F5A80A331942}.Release|Any CPU.Build.0 = Release|Any CPU
		{47C14BD8-D941-455E-A2E9-90AD938AC4D2}.Debug|Any CPU.ActiveCfg = Debug|Any CPU
		{47C14BD8-D941-455E-A2E9-90AD938AC4D2}.Debug|Any CPU.Build.0 = Debug|Any CPU
		{47C14BD8-D941-455E-A2E9-90AD938AC4D2}.Release|Any CPU.ActiveCfg = Release|Any CPU
		{47C14BD8-D941-455E-A2E9-90AD938AC4D2}.Release|Any CPU.Build.0 = Release|Any CPU
	EndGlobalSection
	GlobalSection(SolutionProperties) = preSolution
		HideSolutionNode = FALSE
	EndGlobalSection
	GlobalSection(NestedProjects) = preSolution
		{29B150DF-1249-4C8A-A6DB-8B6E969D03ED} = {EF51558F-CA82-47C9-8939-BF5B5BC11F67}
		{3403A0B2-57FC-43C9-B85D-F5A80A331942} = {EF51558F-CA82-47C9-8939-BF5B5BC11F67}
		{47C14BD8-D941-455E-A2E9-90AD938AC4D2} = {33F70702-1D41-47D8-A793-808A5799C44E}
	EndGlobalSection
EndGlobal
